// !$*UTF8*$!
{
	archiveVersion = 1;
	classes = {
	};
	objectVersion = 46;
	objects = {

/* Begin PBXBuildFile section */
		761D09B61CE1C7CF00617A77 /* main.m in Sources */ = {isa = PBXBuildFile; fileRef = 761D09B51CE1C7CF00617A77 /* main.m */; };
		761D09B91CE1C7CF00617A77 /* AppDelegate.m in Sources */ = {isa = PBXBuildFile; fileRef = 761D09B81CE1C7CF00617A77 /* AppDelegate.m */; };
		761D09BC1CE1C7CF00617A77 /* ViewController.m in Sources */ = {isa = PBXBuildFile; fileRef = 761D09BB1CE1C7CF00617A77 /* ViewController.m */; };
		761D09BF1CE1C7CF00617A77 /* Main.storyboard in Resources */ = {isa = PBXBuildFile; fileRef = 761D09BD1CE1C7CF00617A77 /* Main.storyboard */; };
		761D09C21CE1C7CF00617A77 /* iOSGoogleMapsMemoryIssueTechnicise.xcdatamodeld in Sources */ = {isa = PBXBuildFile; fileRef = 761D09C01CE1C7CF00617A77 /* iOSGoogleMapsMemoryIssueTechnicise.xcdatamodeld */; };
		761D09C41CE1C7CF00617A77 /* Assets.xcassets in Resources */ = {isa = PBXBuildFile; fileRef = 761D09C31CE1C7CF00617A77 /* Assets.xcassets */; };
		761D09C71CE1C7CF00617A77 /* LaunchScreen.storyboard in Resources */ = {isa = PBXBuildFile; fileRef = 761D09C51CE1C7CF00617A77 /* LaunchScreen.storyboard */; };
		761D09D21CE1C7CF00617A77 /* iOSGoogleMapsMemoryIssueTechniciseTests.m in Sources */ = {isa = PBXBuildFile; fileRef = 761D09D11CE1C7CF00617A77 /* iOSGoogleMapsMemoryIssueTechniciseTests.m */; };
		761D09DD1CE1C7CF00617A77 /* iOSGoogleMapsMemoryIssueTechniciseUITests.m in Sources */ = {isa = PBXBuildFile; fileRef = 761D09DC1CE1C7CF00617A77 /* iOSGoogleMapsMemoryIssueTechniciseUITests.m */; };
/* End PBXBuildFile section */

/* Begin PBXContainerItemProxy section */
		761D09CE1CE1C7CF00617A77 /* PBXContainerItemProxy */ = {
			isa = PBXContainerItemProxy;
			containerPortal = 761D09A91CE1C7CF00617A77 /* Project object */;
			proxyType = 1;
			remoteGlobalIDString = 761D09B01CE1C7CF00617A77;
			remoteInfo = iOSGoogleMapsMemoryIssueTechnicise;
		};
		761D09D91CE1C7CF00617A77 /* PBXContainerItemProxy */ = {
			isa = PBXContainerItemProxy;
			containerPortal = 761D09A91CE1C7CF00617A77 /* Project object */;
			proxyType = 1;
			remoteGlobalIDString = 761D09B01CE1C7CF00617A77;
			remoteInfo = iOSGoogleMapsMemoryIssueTechnicise;
		};
/* End PBXContainerItemProxy section */

/* Begin PBXFileReference section */
		761D09B11CE1C7CF00617A77 /* iOSGoogleMapsMemoryIssueTechnicise.app */ = {isa = PBXFileReference; explicitFileType = wrapper.application; includeInIndex = 0; path = iOSGoogleMapsMemoryIssueTechnicise.app; sourceTree = BUILT_PRODUCTS_DIR; };
		761D09B51CE1C7CF00617A77 /* main.m */ = {isa = PBXFileReference; lastKnownFileType = sourcecode.c.objc; path = main.m; sourceTree = "<group>"; };
		761D09B71CE1C7CF00617A77 /* AppDelegate.h */ = {isa = PBXFileReference; lastKnownFileType = sourcecode.c.h; path = AppDelegate.h; sourceTree = "<group>"; };
		761D09B81CE1C7CF00617A77 /* AppDelegate.m */ = {isa = PBXFileReference; lastKnownFileType = sourcecode.c.objc; path = AppDelegate.m; sourceTree = "<group>"; };
		761D09BA1CE1C7CF00617A77 /* ViewController.h */ = {isa = PBXFileReference; lastKnownFileType = sourcecode.c.h; path = ViewController.h; sourceTree = "<group>"; };
		761D09BB1CE1C7CF00617A77 /* ViewController.m */ = {isa = PBXFileReference; lastKnownFileType = sourcecode.c.objc; path = ViewController.m; sourceTree = "<group>"; };
		761D09BE1CE1C7CF00617A77 /* Base */ = {isa = PBXFileReference; lastKnownFileType = file.storyboard; name = Base; path = Base.lproj/Main.storyboard; sourceTree = "<group>"; };
		761D09C11CE1C7CF00617A77 /* iOSGoogleMapsMemoryIssueTechnicise.xcdatamodel */ = {isa = PBXFileReference; lastKnownFileType = wrapper.xcdatamodel; path = iOSGoogleMapsMemoryIssueTechnicise.xcdatamodel; sourceTree = "<group>"; };
		761D09C31CE1C7CF00617A77 /* Assets.xcassets */ = {isa = PBXFileReference; lastKnownFileType = folder.assetcatalog; path = Assets.xcassets; sourceTree = "<group>"; };
		761D09C61CE1C7CF00617A77 /* Base */ = {isa = PBXFileReference; lastKnownFileType = file.storyboard; name = Base; path = Base.lproj/LaunchScreen.storyboard; sourceTree = "<group>"; };
		761D09C81CE1C7CF00617A77 /* Info.plist */ = {isa = PBXFileReference; lastKnownFileType = text.plist.xml; path = Info.plist; sourceTree = "<group>"; };
		761D09CD1CE1C7CF00617A77 /* iOSGoogleMapsMemoryIssueTechniciseTests.xctest */ = {isa = PBXFileReference; explicitFileType = wrapper.cfbundle; includeInIndex = 0; path = iOSGoogleMapsMemoryIssueTechniciseTests.xctest; sourceTree = BUILT_PRODUCTS_DIR; };
		761D09D11CE1C7CF00617A77 /* iOSGoogleMapsMemoryIssueTechniciseTests.m */ = {isa = PBXFileReference; lastKnownFileType = sourcecode.c.objc; path = iOSGoogleMapsMemoryIssueTechniciseTests.m; sourceTree = "<group>"; };
		761D09D31CE1C7CF00617A77 /* Info.plist */ = {isa = PBXFileReference; lastKnownFileType = text.plist.xml; path = Info.plist; sourceTree = "<group>"; };
		761D09D81CE1C7CF00617A77 /* iOSGoogleMapsMemoryIssueTechniciseUITests.xctest */ = {isa = PBXFileReference; explicitFileType = wrapper.cfbundle; includeInIndex = 0; path = iOSGoogleMapsMemoryIssueTechniciseUITests.xctest; sourceTree = BUILT_PRODUCTS_DIR; };
		761D09DC1CE1C7CF00617A77 /* iOSGoogleMapsMemoryIssueTechniciseUITests.m */ = {isa = PBXFileReference; lastKnownFileType = sourcecode.c.objc; path = iOSGoogleMapsMemoryIssueTechniciseUITests.m; sourceTree = "<group>"; };
		761D09DE1CE1C7CF00617A77 /* Info.plist */ = {isa = PBXFileReference; lastKnownFileType = text.plist.xml; path = Info.plist; sourceTree = "<group>"; };
/* End PBXFileReference section */

/* Begin PBXFrameworksBuildPhase section */
		761D09AE1CE1C7CF00617A77 /* Frameworks */ = {
			isa = PBXFrameworksBuildPhase;
			buildActionMask = 2147483647;
			files = (
			);
			runOnlyForDeploymentPostprocessing = 0;
		};
		761D09CA1CE1C7CF00617A77 /* Frameworks */ = {
			isa = PBXFrameworksBuildPhase;
			buildActionMask = 2147483647;
			files = (
			);
			runOnlyForDeploymentPostprocessing = 0;
		};
		761D09D51CE1C7CF00617A77 /* Frameworks */ = {
			isa = PBXFrameworksBuildPhase;
			buildActionMask = 2147483647;
			files = (
			);
			runOnlyForDeploymentPostprocessing = 0;
		};
/* End PBXFrameworksBuildPhase section */

/* Begin PBXGroup section */
		761D09A81CE1C7CF00617A77 = {
			isa = PBXGroup;
			children = (
				761D09B31CE1C7CF00617A77 /* iOSGoogleMapsMemoryIssueTechnicise */,
				761D09D01CE1C7CF00617A77 /* iOSGoogleMapsMemoryIssueTechniciseTests */,
				761D09DB1CE1C7CF00617A77 /* iOSGoogleMapsMemoryIssueTechniciseUITests */,
				761D09B21CE1C7CF00617A77 /* Products */,
			);
			sourceTree = "<group>";
		};
		761D09B21CE1C7CF00617A77 /* Products */ = {
			isa = PBXGroup;
			children = (
				761D09B11CE1C7CF00617A77 /* iOSGoogleMapsMemoryIssueTechnicise.app */,
				761D09CD1CE1C7CF00617A77 /* iOSGoogleMapsMemoryIssueTechniciseTests.xctest */,
				761D09D81CE1C7CF00617A77 /* iOSGoogleMapsMemoryIssueTechniciseUITests.xctest */,
			);
			name = Products;
			sourceTree = "<group>";
		};
		761D09B31CE1C7CF00617A77 /* iOSGoogleMapsMemoryIssueTechnicise */ = {
			isa = PBXGroup;
			children = (
				761D09B71CE1C7CF00617A77 /* AppDelegate.h */,
				761D09B81CE1C7CF00617A77 /* AppDelegate.m */,
				761D09BA1CE1C7CF00617A77 /* ViewController.h */,
				761D09BB1CE1C7CF00617A77 /* ViewController.m */,
				761D09BD1CE1C7CF00617A77 /* Main.storyboard */,
				761D09C31CE1C7CF00617A77 /* Assets.xcassets */,
				761D09C51CE1C7CF00617A77 /* LaunchScreen.storyboard */,
				761D09C81CE1C7CF00617A77 /* Info.plist */,
				761D09C01CE1C7CF00617A77 /* iOSGoogleMapsMemoryIssueTechnicise.xcdatamodeld */,
				761D09B41CE1C7CF00617A77 /* Supporting Files */,
			);
			path = iOSGoogleMapsMemoryIssueTechnicise;
			sourceTree = "<group>";
		};
		761D09B41CE1C7CF00617A77 /* Supporting Files */ = {
			isa = PBXGroup;
			children = (
				761D09B51CE1C7CF00617A77 /* main.m */,
			);
			name = "Supporting Files";
			sourceTree = "<group>";
		};
		761D09D01CE1C7CF00617A77 /* iOSGoogleMapsMemoryIssueTechniciseTests */ = {
			isa = PBXGroup;
			children = (
				761D09D11CE1C7CF00617A77 /* iOSGoogleMapsMemoryIssueTechniciseTests.m */,
				761D09D31CE1C7CF00617A77 /* Info.plist */,
			);
			path = iOSGoogleMapsMemoryIssueTechniciseTests;
			sourceTree = "<group>";
		};
		761D09DB1CE1C7CF00617A77 /* iOSGoogleMapsMemoryIssueTechniciseUITests */ = {
			isa = PBXGroup;
			children = (
				761D09DC1CE1C7CF00617A77 /* iOSGoogleMapsMemoryIssueTechniciseUITests.m */,
				761D09DE1CE1C7CF00617A77 /* Info.plist */,
			);
			path = iOSGoogleMapsMemoryIssueTechniciseUITests;
			sourceTree = "<group>";
		};
/* End PBXGroup section */

/* Begin PBXNativeTarget section */
		761D09B01CE1C7CF00617A77 /* iOSGoogleMapsMemoryIssueTechnicise */ = {
			isa = PBXNativeTarget;
			buildConfigurationList = 761D09E11CE1C7CF00617A77 /* Build configuration list for PBXNativeTarget "iOSGoogleMapsMemoryIssueTechnicise" */;
			buildPhases = (
				761D09AD1CE1C7CF00617A77 /* Sources */,
				761D09AE1CE1C7CF00617A77 /* Frameworks */,
				761D09AF1CE1C7CF00617A77 /* Resources */,
			);
			buildRules = (
			);
			dependencies = (
			);
			name = iOSGoogleMapsMemoryIssueTechnicise;
			productName = iOSGoogleMapsMemoryIssueTechnicise;
			productReference = 761D09B11CE1C7CF00617A77 /* iOSGoogleMapsMemoryIssueTechnicise.app */;
			productType = "com.apple.product-type.application";
		};
		761D09CC1CE1C7CF00617A77 /* iOSGoogleMapsMemoryIssueTechniciseTests */ = {
			isa = PBXNativeTarget;
			buildConfigurationList = 761D09E41CE1C7CF00617A77 /* Build configuration list for PBXNativeTarget "iOSGoogleMapsMemoryIssueTechniciseTests" */;
			buildPhases = (
				761D09C91CE1C7CF00617A77 /* Sources */,
				761D09CA1CE1C7CF00617A77 /* Frameworks */,
				761D09CB1CE1C7CF00617A77 /* Resources */,
			);
			buildRules = (
			);
			dependencies = (
				761D09CF1CE1C7CF00617A77 /* PBXTargetDependency */,
			);
			name = iOSGoogleMapsMemoryIssueTechniciseTests;
			productName = iOSGoogleMapsMemoryIssueTechniciseTests;
			productReference = 761D09CD1CE1C7CF00617A77 /* iOSGoogleMapsMemoryIssueTechniciseTests.xctest */;
			productType = "com.apple.product-type.bundle.unit-test";
		};
		761D09D71CE1C7CF00617A77 /* iOSGoogleMapsMemoryIssueTechniciseUITests */ = {
			isa = PBXNativeTarget;
			buildConfigurationList = 761D09E71CE1C7CF00617A77 /* Build configuration list for PBXNativeTarget "iOSGoogleMapsMemoryIssueTechniciseUITests" */;
			buildPhases = (
				761D09D41CE1C7CF00617A77 /* Sources */,
				761D09D51CE1C7CF00617A77 /* Frameworks */,
				761D09D61CE1C7CF00617A77 /* Resources */,
			);
			buildRules = (
			);
			dependencies = (
				761D09DA1CE1C7CF00617A77 /* PBXTargetDependency */,
			);
			name = iOSGoogleMapsMemoryIssueTechniciseUITests;
			productName = iOSGoogleMapsMemoryIssueTechniciseUITests;
			productReference = 761D09D81CE1C7CF00617A77 /* iOSGoogleMapsMemoryIssueTechniciseUITests.xctest */;
			productType = "com.apple.product-type.bundle.ui-testing";
		};
/* End PBXNativeTarget section */

/* Begin PBXProject section */
		761D09A91CE1C7CF00617A77 /* Project object */ = {
			isa = PBXProject;
			attributes = {
				LastUpgradeCheck = 0720;
				ORGANIZATIONNAME = "chandra shekhar sengupta";
				TargetAttributes = {
					761D09B01CE1C7CF00617A77 = {
						CreatedOnToolsVersion = 7.2.1;
					};
					761D09CC1CE1C7CF00617A77 = {
						CreatedOnToolsVersion = 7.2.1;
						TestTargetID = 761D09B01CE1C7CF00617A77;
					};
					761D09D71CE1C7CF00617A77 = {
						CreatedOnToolsVersion = 7.2.1;
						TestTargetID = 761D09B01CE1C7CF00617A77;
					};
				};
			};
			buildConfigurationList = 761D09AC1CE1C7CF00617A77 /* Build configuration list for PBXProject "iOSGoogleMapsMemoryIssueTechnicise" */;
			compatibilityVersion = "Xcode 3.2";
			developmentRegion = English;
			hasScannedForEncodings = 0;
			knownRegions = (
				en,
				Base,
			);
			mainGroup = 761D09A81CE1C7CF00617A77;
			productRefGroup = 761D09B21CE1C7CF00617A77 /* Products */;
			projectDirPath = "";
			projectRoot = "";
			targets = (
				761D09B01CE1C7CF00617A77 /* iOSGoogleMapsMemoryIssueTechnicise */,
				761D09CC1CE1C7CF00617A77 /* iOSGoogleMapsMemoryIssueTechniciseTests */,
				761D09D71CE1C7CF00617A77 /* iOSGoogleMapsMemoryIssueTechniciseUITests */,
			);
		};
/* End PBXProject section */

/* Begin PBXResourcesBuildPhase section */
		761D09AF1CE1C7CF00617A77 /* Resources */ = {
			isa = PBXResourcesBuildPhase;
			buildActionMask = 2147483647;
			files = (
				761D09C71CE1C7CF00617A77 /* LaunchScreen.storyboard in Resources */,
				761D09C41CE1C7CF00617A77 /* Assets.xcassets in Resources */,
				761D09BF1CE1C7CF00617A77 /* Main.storyboard in Resources */,
			);
			runOnlyForDeploymentPostprocessing = 0;
		};
		761D09CB1CE1C7CF00617A77 /* Resources */ = {
			isa = PBXResourcesBuildPhase;
			buildActionMask = 2147483647;
			files = (
			);
			runOnlyForDeploymentPostprocessing = 0;
		};
		761D09D61CE1C7CF00617A77 /* Resources */ = {
			isa = PBXResourcesBuildPhase;
			buildActionMask = 2147483647;
			files = (
			);
			runOnlyForDeploymentPostprocessing = 0;
		};
/* End PBXResourcesBuildPhase section */

/* Begin PBXSourcesBuildPhase section */
		761D09AD1CE1C7CF00617A77 /* Sources */ = {
			isa = PBXSourcesBuildPhase;
			buildActionMask = 2147483647;
			files = (
				761D09BC1CE1C7CF00617A77 /* ViewController.m in Sources */,
				761D09C21CE1C7CF00617A77 /* iOSGoogleMapsMemoryIssueTechnicise.xcdatamodeld in Sources */,
				761D09B91CE1C7CF00617A77 /* AppDelegate.m in Sources */,
				761D09B61CE1C7CF00617A77 /* main.m in Sources */,
			);
			runOnlyForDeploymentPostprocessing = 0;
		};
		761D09C91CE1C7CF00617A77 /* Sources */ = {
			isa = PBXSourcesBuildPhase;
			buildActionMask = 2147483647;
			files = (
				761D09D21CE1C7CF00617A77 /* iOSGoogleMapsMemoryIssueTechniciseTests.m in Sources */,
			);
			runOnlyForDeploymentPostprocessing = 0;
		};
		761D09D41CE1C7CF00617A77 /* Sources */ = {
			isa = PBXSourcesBuildPhase;
			buildActionMask = 2147483647;
			files = (
				761D09DD1CE1C7CF00617A77 /* iOSGoogleMapsMemoryIssueTechniciseUITests.m in Sources */,
			);
			runOnlyForDeploymentPostprocessing = 0;
		};
/* End PBXSourcesBuildPhase section */

/* Begin PBXTargetDependency section */
		761D09CF1CE1C7CF00617A77 /* PBXTargetDependency */ = {
			isa = PBXTargetDependency;
			target = 761D09B01CE1C7CF00617A77 /* iOSGoogleMapsMemoryIssueTechnicise */;
			targetProxy = 761D09CE1CE1C7CF00617A77 /* PBXContainerItemProxy */;
		};
		761D09DA1CE1C7CF00617A77 /* PBXTargetDependency */ = {
			isa = PBXTargetDependency;
			target = 761D09B01CE1C7CF00617A77 /* iOSGoogleMapsMemoryIssueTechnicise */;
			targetProxy = 761D09D91CE1C7CF00617A77 /* PBXContainerItemProxy */;
		};
/* End PBXTargetDependency section */

/* Begin PBXVariantGroup section */
		761D09BD1CE1C7CF00617A77 /* Main.storyboard */ = {
			isa = PBXVariantGroup;
			children = (
				761D09BE1CE1C7CF00617A77 /* Base */,
			);
			name = Main.storyboard;
			sourceTree = "<group>";
		};
		761D09C51CE1C7CF00617A77 /* LaunchScreen.storyboard */ = {
			isa = PBXVariantGroup;
			children = (
				761D09C61CE1C7CF00617A77 /* Base */,
			);
			name = LaunchScreen.storyboard;
			sourceTree = "<group>";
		};
/* End PBXVariantGroup section */

/* Begin XCBuildConfiguration section */
		761D09DF1CE1C7CF00617A77 /* Debug */ = {
			isa = XCBuildConfiguration;
			buildSettings = {
				ALWAYS_SEARCH_USER_PATHS = NO;
				CLANG_CXX_LANGUAGE_STANDARD = "gnu++0x";
				CLANG_CXX_LIBRARY = "libc++";
				CLANG_ENABLE_MODULES = YES;
				CLANG_ENABLE_OBJC_ARC = YES;
				CLANG_WARN_BOOL_CONVERSION = YES;
				CLANG_WARN_CONSTANT_CONVERSION = YES;
				CLANG_WARN_DIRECT_OBJC_ISA_USAGE = YES_ERROR;
				CLANG_WARN_EMPTY_BODY = YES;
				CLANG_WARN_ENUM_CONVERSION = YES;
				CLANG_WARN_INT_CONVERSION = YES;
				CLANG_WARN_OBJC_ROOT_CLASS = YES_ERROR;
				CLANG_WARN_UNREACHABLE_CODE = YES;
				CLANG_WARN__DUPLICATE_METHOD_MATCH = YES;
				"CODE_SIGN_IDENTITY[sdk=iphoneos*]" = "iPhone Developer";
				COPY_PHASE_STRIP = NO;
				DEBUG_INFORMATION_FORMAT = dwarf;
				ENABLE_STRICT_OBJC_MSGSEND = YES;
				ENABLE_TESTABILITY = YES;
				GCC_C_LANGUAGE_STANDARD = gnu99;
				GCC_DYNAMIC_NO_PIC = NO;
				GCC_NO_COMMON_BLOCKS = YES;
				GCC_OPTIMIZATION_LEVEL = 0;
				GCC_PREPROCESSOR_DEFINITIONS = (
					"DEBUG=1",
					"$(inherited)",
				);
				GCC_WARN_64_TO_32_BIT_CONVERSION = YES;
				GCC_WARN_ABOUT_RETURN_TYPE = YES_ERROR;
				GCC_WARN_UNDECLARED_SELECTOR = YES;
				GCC_WARN_UNINITIALIZED_AUTOS = YES_AGGRESSIVE;
				GCC_WARN_UNUSED_FUNCTION = YES;
				GCC_WARN_UNUSED_VARIABLE = YES;
				IPHONEOS_DEPLOYMENT_TARGET = 9.2;
				MTL_ENABLE_DEBUG_INFO = YES;
				ONLY_ACTIVE_ARCH = YES;
				SDKROOT = iphoneos;
			};
			name = Debug;
		};
		761D09E01CE1C7CF00617A77 /* Release */ = {
			isa = XCBuildConfiguration;
			buildSettings = {
				ALWAYS_SEARCH_USER_PATHS = NO;
				CLANG_CXX_LANGUAGE_STANDARD = "gnu++0x";
				CLANG_CXX_LIBRARY = "libc++";
				CLANG_ENABLE_MODULES = YES;
				CLANG_ENABLE_OBJC_ARC = YES;
				CLANG_WARN_BOOL_CONVERSION = YES;
				CLANG_WARN_CONSTANT_CONVERSION = YES;
				CLANG_WARN_DIRECT_OBJC_ISA_USAGE = YES_ERROR;
				CLANG_WARN_EMPTY_BODY = YES;
				CLANG_WARN_ENUM_CONVERSION = YES;
				CLANG_WARN_INT_CONVERSION = YES;
				CLANG_WARN_OBJC_ROOT_CLASS = YES_ERROR;
				CLANG_WARN_UNREACHABLE_CODE = YES;
				CLANG_WARN__DUPLICATE_METHOD_MATCH = YES;
				"CODE_SIGN_IDENTITY[sdk=iphoneos*]" = "iPhone Developer";
				COPY_PHASE_STRIP = NO;
				DEBUG_INFORMATION_FORMAT = "dwarf-with-dsym";
				ENABLE_NS_ASSERTIONS = NO;
				ENABLE_STRICT_OBJC_MSGSEND = YES;
				GCC_C_LANGUAGE_STANDARD = gnu99;
				GCC_NO_COMMON_BLOCKS = YES;
				GCC_WARN_64_TO_32_BIT_CONVERSION = YES;
				GCC_WARN_ABOUT_RETURN_TYPE = YES_ERROR;
				GCC_WARN_UNDECLARED_SELECTOR = YES;
				GCC_WARN_UNINITIALIZED_AUTOS = YES_AGGRESSIVE;
				GCC_WARN_UNUSED_FUNCTION = YES;
				GCC_WARN_UNUSED_VARIABLE = YES;
				IPHONEOS_DEPLOYMENT_TARGET = 9.2;
				MTL_ENABLE_DEBUG_INFO = NO;
				SDKROOT = iphoneos;
				VALIDATE_PRODUCT = YES;
			};
			name = Release;
		};
		761D09E21CE1C7CF00617A77 /* Debug */ = {
			isa = XCBuildConfiguration;
			buildSettings = {
				ASSETCATALOG_COMPILER_APPICON_NAME = AppIcon;
				INFOPLIST_FILE = iOSGoogleMapsMemoryIssueTechnicise/Info.plist;
				LD_RUNPATH_SEARCH_PATHS = "$(inherited) @executable_path/Frameworks";
				PRODUCT_BUNDLE_IDENTIFIER = com.technicise.iOSGoogleMapsMemoryIssueTechnicise;
				PRODUCT_NAME = "$(TARGET_NAME)";
			};
			name = Debug;
		};
		761D09E31CE1C7CF00617A77 /* Release */ = {
			isa = XCBuildConfiguration;
			buildSettings = {
				ASSETCATALOG_COMPILER_APPICON_NAME = AppIcon;
				INFOPLIST_FILE = iOSGoogleMapsMemoryIssueTechnicise/Info.plist;
				LD_RUNPATH_SEARCH_PATHS = "$(inherited) @executable_path/Frameworks";
				PRODUCT_BUNDLE_IDENTIFIER = com.technicise.iOSGoogleMapsMemoryIssueTechnicise;
				PRODUCT_NAME = "$(TARGET_NAME)";
			};
			name = Release;
		};
		761D09E51CE1C7CF00617A77 /* Debug */ = {
			isa = XCBuildConfiguration;
			buildSettings = {
				BUNDLE_LOADER = "$(TEST_HOST)";
				INFOPLIST_FILE = iOSGoogleMapsMemoryIssueTechniciseTests/Info.plist;
				LD_RUNPATH_SEARCH_PATHS = "$(inherited) @executable_path/Frameworks @loader_path/Frameworks";
				PRODUCT_BUNDLE_IDENTIFIER = com.technicise.iOSGoogleMapsMemoryIssueTechniciseTests;
				PRODUCT_NAME = "$(TARGET_NAME)";
				TEST_HOST = "$(BUILT_PRODUCTS_DIR)/iOSGoogleMapsMemoryIssueTechnicise.app/iOSGoogleMapsMemoryIssueTechnicise";
			};
			name = Debug;
		};
		761D09E61CE1C7CF00617A77 /* Release */ = {
			isa = XCBuildConfiguration;
			buildSettings = {
				BUNDLE_LOADER = "$(TEST_HOST)";
				INFOPLIST_FILE = iOSGoogleMapsMemoryIssueTechniciseTests/Info.plist;
				LD_RUNPATH_SEARCH_PATHS = "$(inherited) @executable_path/Frameworks @loader_path/Frameworks";
				PRODUCT_BUNDLE_IDENTIFIER = com.technicise.iOSGoogleMapsMemoryIssueTechniciseTests;
				PRODUCT_NAME = "$(TARGET_NAME)";
				TEST_HOST = "$(BUILT_PRODUCTS_DIR)/iOSGoogleMapsMemoryIssueTechnicise.app/iOSGoogleMapsMemoryIssueTechnicise";
			};
			name = Release;
		};
		761D09E81CE1C7CF00617A77 /* Debug */ = {
			isa = XCBuildConfiguration;
			buildSettings = {
				INFOPLIST_FILE = iOSGoogleMapsMemoryIssueTechniciseUITests/Info.plist;
				LD_RUNPATH_SEARCH_PATHS = "$(inherited) @executable_path/Frameworks @loader_path/Frameworks";
				PRODUCT_BUNDLE_IDENTIFIER = com.technicise.iOSGoogleMapsMemoryIssueTechniciseUITests;
				PRODUCT_NAME = "$(TARGET_NAME)";
				TEST_TARGET_NAME = iOSGoogleMapsMemoryIssueTechnicise;
				USES_XCTRUNNER = YES;
			};
			name = Debug;
		};
		761D09E91CE1C7CF00617A77 /* Release */ = {
			isa = XCBuildConfiguration;
			buildSettings = {
				INFOPLIST_FILE = iOSGoogleMapsMemoryIssueTechniciseUITests/Info.plist;
				LD_RUNPATH_SEARCH_PATHS = "$(inherited) @executable_path/Frameworks @loader_path/Frameworks";
				PRODUCT_BUNDLE_IDENTIFIER = com.technicise.iOSGoogleMapsMemoryIssueTechniciseUITests;
				PRODUCT_NAME = "$(TARGET_NAME)";
				TEST_TARGET_NAME = iOSGoogleMapsMemoryIssueTechnicise;
				USES_XCTRUNNER = YES;
			};
			name = Release;
		};
/* End XCBuildConfiguration section */

/* Begin XCConfigurationList section */
		761D09AC1CE1C7CF00617A77 /* Build configuration list for PBXProject "iOSGoogleMapsMemoryIssueTechnicise" */ = {
			isa = XCConfigurationList;
			buildConfigurations = (
				761D09DF1CE1C7CF00617A77 /* Debug */,
				761D09E01CE1C7CF00617A77 /* Release */,
			);
			defaultConfigurationIsVisible = 0;
			defaultConfigurationName = Release;
		};
		761D09E11CE1C7CF00617A77 /* Build configuration list for PBXNativeTarget "iOSGoogleMapsMemoryIssueTechnicise" */ = {
			isa = XCConfigurationList;
			buildConfigurations = (
				761D09E21CE1C7CF00617A77 /* Debug */,
				761D09E31CE1C7CF00617A77 /* Release */,
			);
			defaultConfigurationIsVisible = 0;
		};
		761D09E41CE1C7CF00617A77 /* Build configuration list for PBXNativeTarget "iOSGoogleMapsMemoryIssueTechniciseTests" */ = {
			isa = XCConfigurationList;
			buildConfigurations = (
				761D09E51CE1C7CF00617A77 /* Debug */,
				761D09E61CE1C7CF00617A77 /* Release */,
			);
			defaultConfigurationIsVisible = 0;
		};
		761D09E71CE1C7CF00617A77 /* Build configuration list for PBXNativeTarget "iOSGoogleMapsMemoryIssueTechniciseUITests" */ = {
			isa = XCConfigurationList;
			buildConfigurations = (
				761D09E81CE1C7CF00617A77 /* Debug */,
				761D09E91CE1C7CF00617A77 /* Release */,
			);
			defaultConfigurationIsVisible = 0;
		};
/* End XCConfigurationList section */

/* Begin XCVersionGroup section */
		761D09C01CE1C7CF00617A77 /* iOSGoogleMapsMemoryIssueTechnicise.xcdatamodeld */ = {
			isa = XCVersionGroup;
			children = (
				761D09C11CE1C7CF00617A77 /* iOSGoogleMapsMemoryIssueTechnicise.xcdatamodel */,
			);
			currentVersion = 761D09C11CE1C7CF00617A77 /* iOSGoogleMapsMemoryIssueTechnicise.xcdatamodel */;
			path = iOSGoogleMapsMemoryIssueTechnicise.xcdatamodeld;
			sourceTree = "<group>";
			versionGroupType = wrapper.xcdatamodel;
		};
/* End XCVersionGroup section */
	};
	rootObject = 761D09A91CE1C7CF00617A77 /* Project object */;
}
